
Microsoft Visual Studio Solution File, Format Version 12.00
# Visual Studio Version 17
VisualStudioVersion = 17.1.32210.238
MinimumVisualStudioVersion = 10.0.40219.1
Project("{8BC9CEB8-8B4A-11D0-8D11-00A0C91BC942}") = "aula01", "aula01.vcxproj", "{B5930582-D9B4-4FAD-A067-816E50A48C84}"
EndProject
Global
	GlobalSection(SolutionConfigurationPlatforms) = preSolution
		Debug|x64 = Debug|x64
		Debug|x86 = Debug|x86
		Release|x64 = Release|x64
		Release|x86 = Release|x86
	EndGlobalSection
	GlobalSection(ProjectConfigurationPlatforms) = postSolution
		{B5930582-D9B4-4FAD-A067-816E50A48C84}.Debug|x64.ActiveCfg = Debug|x64
		{B5930582-D9B4-4FAD-A067-816E50A48C84}.Debug|x64.Build.0 = Debug|x64
		{B5930582-D9B4-4FAD-A067-816E50A48C84}.Debug|x86.ActiveCfg = Debug|Win32
		{B5930582-D9B4-4FAD-A067-816E50A48C84}.Debug|x86.Build.0 = Debug|Win32
		{B5930582-D9B4-4FAD-A067-816E50A48C84}.Release|x64.ActiveCfg = Release|x64
		{B5930582-D9B4-4FAD-A067-816E50A48C84}.Release|x64.Build.0 = Release|x64
		{B5930582-D9B4-4FAD-A067-816E50A48C84}.Release|x86.ActiveCfg = Release|Win32
		{B5930582-D9B4-4FAD-A067-816E50A48C84}.Release|x86.Build.0 = Release|Win32
	EndGlobalSection
	GlobalSection(SolutionProperties) = preSolution
		HideSolutionNode = FALSE
	EndGlobalSection
	GlobalSection(ExtensibilityGlobals) = postSolution
		SolutionGuid = {74F4DC2A-9CD2-48D9-8D74-4382F5C8B99A}
	EndGlobalSection
EndGlobal
